
Microsoft Visual Studio Solution File, Format Version 12.00
# Visual Studio 2013
VisualStudioVersion = 12.0.21005.1
MinimumVisualStudioVersion = 10.0.40219.1
Project("{FAE04EC0-301F-11D3-BF4B-00C04F79EFBC}") = "Chp2Prog4", "Chp2Prog4\Chp2Prog4.csproj", "{DBBAA2FF-1BFA-476A-9BA8-E847C5D33F97}"
EndProject
Global
	GlobalSection(SolutionConfigurationPlatforms) = preSolution
		Debug|Any CPU = Debug|Any CPU
		Release|Any CPU = Release|Any CPU
	EndGlobalSection
	GlobalSection(ProjectConfigurationPlatforms) = postSolution
		{DBBAA2FF-1BFA-476A-9BA8-E847C5D33F97}.Debug|Any CPU.ActiveCfg = Debug|Any CPU
		{DBBAA2FF-1BFA-476A-9BA8-E847C5D33F97}.Debug|Any CPU.Build.0 = Debug|Any CPU
		{DBBAA2FF-1BFA-476A-9BA8-E847C5D33F97}.Release|Any CPU.ActiveCfg = Release|Any CPU
		{DBBAA2FF-1BFA-476A-9BA8-E847C5D33F97}.Release|Any CPU.Build.0 = Release|Any CPU
	EndGlobalSection
	GlobalSection(SolutionProperties) = preSolution
		HideSolutionNode = FALSE
	EndGlobalSection
EndGlobal
