<?xml version="1.0" encoding="utf-8"?>
<Project ToolsVersion="4.0" xmlns="http://schemas.microsoft.com/developer/msbuild/2003">
  <ItemGroup>
    <Filter Include="Source Files">
      <UniqueIdentifier>{4FC737F1-C7A5-4376-A066-2A32D752A2FF}</UniqueIdentifier>
      <Extensions>cpp;c;cc;cxx;def;odl;idl;hpj;bat;asm;asmx</Extensions>
    </Filter>
    <Filter Include="Header Files">
      <UniqueIdentifier>{93995380-89BD-4b04-88EB-625FBE52EBFB}</UniqueIdentifier>
      <Extensions>h;hpp;hxx;hm;inl;inc;xsd</Extensions>
    </Filter>
    <Filter Include="Resource Files">
      <UniqueIdentifier>{67DA6AB6-F800-4c08-8B7A-83BB121AAD01}</UniqueIdentifier>
      <Extensions>rc;ico;cur;bmp;dlg;rc2;rct;bin;rgs;gif;jpg;jpeg;jpe;resx;tiff;tif;png;wav;mfcribbon-ms</Extensions>
    </Filter>
  </ItemGroup>
  <ItemGroup>
    <ClInclude Include="publication.h">
      <Filter>Header Files</Filter>
    </ClInclude>
    <ClInclude Include="periodical.h">
      <Filter>Header Files</Filter>
    </ClInclude>
    <ClInclude Include="title.h">
      <Filter>Header Files</Filter>
    </ClInclude>
    <ClInclude Include="author.h">
      <Filter>Header Files</Filter>
    </ClInclude>
    <ClInclude Include="date.h">
      <Filter>Header Files</Filter>
    </ClInclude>
    <ClInclude Include="children.h">
      <Filter>Header Files</Filter>
    </ClInclude>
    <ClInclude Include="fiction.h">
      <Filter>Header Files</Filter>
    </ClInclude>
    <ClInclude Include="patron.h">
      <Filter>Header Files</Filter>
    </ClInclude>
    <ClInclude Include="checkout.h">
      <Filter>Header Files</Filter>
    </ClInclude>
    <ClInclude Include="aboutpatron.h">
      <Filter>Header Files</Filter>
    </ClInclude>
    <ClInclude Include="record.h">
      <Filter>Header Files</Filter>
    </ClInclude>
    <ClInclude Include="publicationDB.h">
      <Filter>Header Files</Filter>
    </ClInclude>
    <ClInclude Include="fictionDB.h">
      <Filter>Header Files</Filter>
    </ClInclude>
    <ClInclude Include="bintree.h">
      <Filter>Header Files</Filter>
    </ClInclude>
    <ClInclude Include="periodicalDB.h">
      <Filter>Header Files</Filter>
    </ClInclude>
    <ClInclude Include="chindrenDB.h">
      <Filter>Header Files</Filter>
    </ClInclude>
    <ClInclude Include="shelf.h">
      <Filter>Header Files</Filter>
    </ClInclude>
    <ClInclude Include="publicationProcessor.h">
      <Filter>Header Files</Filter>
    </ClInclude>
    <ClInclude Include="processor.h">
      <Filter>Header Files</Filter>
    </ClInclude>
    <ClInclude Include="patronProcessor.h">
      <Filter>Header Files</Filter>
    </ClInclude>
    <ClInclude Include="actionProcessor.h">
      <Filter>Header Files</Filter>
    </ClInclude>
    <ClInclude Include="action.h">
      <Filter>Header Files</Filter>
    </ClInclude>
    <ClInclude Include="actionFactory.h">
      <Filter>Header Files</Filter>
    </ClInclude>
    <ClInclude Include="libraian.h">
      <Filter>Header Files</Filter>
    </ClInclude>
    <ClInclude Include="library.h">
      <Filter>Header Files</Filter>
    </ClInclude>
    <ClInclude Include="patronlist.h">
      <Filter>Header Files</Filter>
    </ClInclude>
    <ClInclude Include="historylist.h">
      <Filter>Header Files</Filter>
    </ClInclude>
    <ClInclude Include="patronhash.h">
      <Filter>Header Files</Filter>
    </ClInclude>
    <ClInclude Include="actionlist.h">
      <Filter>Header Files</Filter>
    </ClInclude>
    <ClInclude Include="checkin.h">
      <Filter>Header Files</Filter>
    </ClInclude>
    <ClInclude Include="displayhistory.h">
      <Filter>Header Files</Filter>
    </ClInclude>
    <ClInclude Include="publicationtype.h">
      <Filter>Header Files</Filter>
    </ClInclude>
    <ClInclude Include="edition.h">
      <Filter>Header Files</Filter>
    </ClInclude>
  </ItemGroup>
  <ItemGroup>
    <ClCompile Include="library.cpp">
      <Filter>Source Files</Filter>
    </ClCompile>
    <ClCompile Include="title.cpp">
      <Filter>Source Files</Filter>
    </ClCompile>
  </ItemGroup>
</Project>