<?xml version="1.0" encoding="utf-8"?>
<Project ToolsVersion="4.0" xmlns="http://schemas.microsoft.com/developer/msbuild/2003">
  <ItemGroup>
    <Filter Include="Source Files">
      <UniqueIdentifier>{4FC737F1-C7A5-4376-A066-2A32D752A2FF}</UniqueIdentifier>
      <Extensions>cpp;c;cc;cxx;def;odl;idl;hpj;bat;asm;asmx</Extensions>
    </Filter>
    <Filter Include="Header Files">
      <UniqueIdentifier>{93995380-89BD-4b04-88EB-625FBE52EBFB}</UniqueIdentifier>
      <Extensions>h;hpp;hxx;hm;inl;inc;xsd</Extensions>
    </Filter>
    <Filter Include="Resource Files">
      <UniqueIdentifier>{67DA6AB6-F800-4c08-8B7A-83BB121AAD01}</UniqueIdentifier>
      <Extensions>rc;ico;cur;bmp;dlg;rc2;rct;bin;rgs;gif;jpg;jpeg;jpe;resx;tiff;tif;png;wav;mfcribbon-ms</Extensions>
    </Filter>
  </ItemGroup>
  <ItemGroup>
    <ClInclude Include="publication.h">
      <Filter>Header Files</Filter>
    </ClInclude>
    <ClInclude Include="shelf.h">
      <Filter>Header Files</Filter>
    </ClInclude>
    <ClInclude Include="bintree.h">
      <Filter>Header Files</Filter>
    </ClInclude>
    <ClInclude Include="youth.h">
      <Filter>Header Files</Filter>
    </ClInclude>
    <ClInclude Include="fiction.h">
      <Filter>Header Files</Filter>
    </ClInclude>
    <ClInclude Include="periodical.h">
      <Filter>Header Files</Filter>
    </ClInclude>
    <ClInclude Include="book.h">
      <Filter>Header Files</Filter>
    </ClInclude>
    <ClInclude Include="publications.h">
      <Filter>Header Files</Filter>
    </ClInclude>
    <ClInclude Include="patron.h">
      <Filter>Header Files</Filter>
    </ClInclude>
    <ClInclude Include="patrondb.h">
      <Filter>Header Files</Filter>
    </ClInclude>
    <ClInclude Include="history.h">
      <Filter>Header Files</Filter>
    </ClInclude>
    <ClInclude Include="libaction.h">
      <Filter>Header Files</Filter>
    </ClInclude>
    <ClInclude Include="libactionfactory.h">
      <Filter>Header Files</Filter>
    </ClInclude>
    <ClInclude Include="librarian.h">
      <Filter>Header Files</Filter>
    </ClInclude>
    <ClInclude Include="library.h">
      <Filter>Header Files</Filter>
    </ClInclude>
  </ItemGroup>
  <ItemGroup>
    <ClCompile Include="publication.cpp">
      <Filter>Source Files</Filter>
    </ClCompile>
    <ClCompile Include="shelf.cpp">
      <Filter>Source Files</Filter>
    </ClCompile>
    <ClCompile Include="bintree.cpp">
      <Filter>Source Files</Filter>
    </ClCompile>
    <ClCompile Include="youth.cpp">
      <Filter>Source Files</Filter>
    </ClCompile>
    <ClCompile Include="test.cpp">
      <Filter>Source Files</Filter>
    </ClCompile>
    <ClCompile Include="fiction.cpp">
      <Filter>Source Files</Filter>
    </ClCompile>
    <ClCompile Include="periodical.cpp">
      <Filter>Source Files</Filter>
    </ClCompile>
    <ClCompile Include="book.cpp">
      <Filter>Source Files</Filter>
    </ClCompile>
    <ClCompile Include="patron.cpp">
      <Filter>Source Files</Filter>
    </ClCompile>
    <ClCompile Include="patrondb.cpp">
      <Filter>Source Files</Filter>
    </ClCompile>
    <ClCompile Include="history.cpp">
      <Filter>Source Files</Filter>
    </ClCompile>
    <ClCompile Include="libactionfactory.cpp">
      <Filter>Source Files</Filter>
    </ClCompile>
    <ClCompile Include="librarian.cpp">
      <Filter>Source Files</Filter>
    </ClCompile>
    <ClCompile Include="library.cpp">
      <Filter>Source Files</Filter>
    </ClCompile>
    <ClCompile Include="checkout.cpp">
      <Filter>Source Files</Filter>
    </ClCompile>
    <ClCompile Include="checkin.cpp">
      <Filter>Source Files</Filter>
    </ClCompile>
    <ClCompile Include="historydisplay.cpp">
      <Filter>Source Files</Filter>
    </ClCompile>
  </ItemGroup>
</Project>