<?xml version="1.0" encoding="utf-8"?>
<Project ToolsVersion="4.0" xmlns="http://schemas.microsoft.com/developer/msbuild/2003">
  <ItemGroup>
    <Filter Include="Source Files">
      <UniqueIdentifier>{4FC737F1-C7A5-4376-A066-2A32D752A2FF}</UniqueIdentifier>
      <Extensions>cpp;c;cc;cxx;def;odl;idl;hpj;bat;asm;asmx</Extensions>
    </Filter>
    <Filter Include="Header Files">
      <UniqueIdentifier>{93995380-89BD-4b04-88EB-625FBE52EBFB}</UniqueIdentifier>
      <Extensions>h;hpp;hxx;hm;inl;inc;xsd</Extensions>
    </Filter>
    <Filter Include="Resource Files">
      <UniqueIdentifier>{67DA6AB6-F800-4c08-8B7A-83BB121AAD01}</UniqueIdentifier>
      <Extensions>rc;ico;cur;bmp;dlg;rc2;rct;bin;rgs;gif;jpg;jpeg;jpe;resx;tiff;tif;png;wav;mfcribbon-ms</Extensions>
    </Filter>
    <Filter Include="Source Files\ZandersRat">
      <UniqueIdentifier>{2f7aea37-aec9-4367-9bb7-71bc0b4f67ed}</UniqueIdentifier>
    </Filter>
    <Filter Include="Source Files\RatFirst">
      <UniqueIdentifier>{ace5db20-352c-4291-a4ad-a46681972e3d}</UniqueIdentifier>
    </Filter>
  </ItemGroup>
  <ItemGroup>
    <ClCompile Include="rat.cpp">
      <Filter>Source Files\ZandersRat</Filter>
    </ClCompile>
    <ClCompile Include="ratdriver.cpp">
      <Filter>Source Files\ZandersRat</Filter>
    </ClCompile>
    <ClCompile Include="RatFirstAttempt.cpp">
      <Filter>Source Files\RatFirst</Filter>
    </ClCompile>
  </ItemGroup>
  <ItemGroup>
    <ClInclude Include="rat.h">
      <Filter>Source Files\ZandersRat</Filter>
    </ClInclude>
  </ItemGroup>
</Project>